
Microsoft Visual Studio Solution File, Format Version 12.00
# Visual Studio Version 17
VisualStudioVersion = 17.1.31911.260
MinimumVisualStudioVersion = 10.0.40219.1
Project("{9A19103F-16F7-4668-BE54-9A1E7A4F7556}") = "MS.CA.Utilities.Core", "src\MS.CA.Utilities\MS.CA.Utilities.Core.csproj", "{3E27F67D-0B97-4960-B6C8-F95EC1292E29}"
EndProject
Project("{9A19103F-16F7-4668-BE54-9A1E7A4F7556}") = "MS.CA.Utilities.CSharp", "src\MS.CA.Utilities.CSharp\MS.CA.Utilities.CSharp.csproj", "{F10DE6EB-2F6F-40EA-8072-2FBE7976547B}"
EndProject
Project("{9A19103F-16F7-4668-BE54-9A1E7A4F7556}") = "MS.CA.Utilities.Package", "src\MS.CA.Utilities.Package\MS.CA.Utilities.Package.csproj", "{6314D984-3396-4ADF-8DB6-F76092755AAC}"
EndProject
Project("{9A19103F-16F7-4668-BE54-9A1E7A4F7556}") = "MS.CA.Utilities.Tests", "tests\MS.CA.Utilities.Tests\MS.CA.Utilities.Tests.csproj", "{7224163B-2CDE-47E4-8984-1BC81AC3D334}"
EndProject
Project("{2150E333-8FDC-42A3-9474-1A3956D46DE8}") = "Solution Items", "Solution Items", "{26D569B1-12ED-448A-B2AE-A26D55A7F076}"
	ProjectSection(SolutionItems) = preProject
		.github\workflows\build.yml = .github\workflows\build.yml
		Directory.Build.props = Directory.Build.props
		.github\workflows\release.yml = .github\workflows\release.yml
	EndProjectSection
EndProject
Project("{2150E333-8FDC-42A3-9474-1A3956D46DE8}") = "eng", "eng", "{9A878338-C5B7-406E-AF6F-A7B9A8694EB5}"
	ProjectSection(SolutionItems) = preProject
		eng\Settings.props = eng\Settings.props
		eng\Versions.props = eng\Versions.props
	EndProjectSection
EndProject
Global
	GlobalSection(SolutionConfigurationPlatforms) = preSolution
		Debug|Any CPU = Debug|Any CPU
		Release|Any CPU = Release|Any CPU
	EndGlobalSection
	GlobalSection(ProjectConfigurationPlatforms) = postSolution
		{3E27F67D-0B97-4960-B6C8-F95EC1292E29}.Debug|Any CPU.ActiveCfg = Debug|Any CPU
		{3E27F67D-0B97-4960-B6C8-F95EC1292E29}.Debug|Any CPU.Build.0 = Debug|Any CPU
		{3E27F67D-0B97-4960-B6C8-F95EC1292E29}.Release|Any CPU.ActiveCfg = Release|Any CPU
		{3E27F67D-0B97-4960-B6C8-F95EC1292E29}.Release|Any CPU.Build.0 = Release|Any CPU
		{F10DE6EB-2F6F-40EA-8072-2FBE7976547B}.Debug|Any CPU.ActiveCfg = Debug|Any CPU
		{F10DE6EB-2F6F-40EA-8072-2FBE7976547B}.Debug|Any CPU.Build.0 = Debug|Any CPU
		{F10DE6EB-2F6F-40EA-8072-2FBE7976547B}.Release|Any CPU.ActiveCfg = Release|Any CPU
		{F10DE6EB-2F6F-40EA-8072-2FBE7976547B}.Release|Any CPU.Build.0 = Release|Any CPU
		{6314D984-3396-4ADF-8DB6-F76092755AAC}.Debug|Any CPU.ActiveCfg = Debug|Any CPU
		{6314D984-3396-4ADF-8DB6-F76092755AAC}.Debug|Any CPU.Build.0 = Debug|Any CPU
		{6314D984-3396-4ADF-8DB6-F76092755AAC}.Release|Any CPU.ActiveCfg = Release|Any CPU
		{6314D984-3396-4ADF-8DB6-F76092755AAC}.Release|Any CPU.Build.0 = Release|Any CPU
		{7224163B-2CDE-47E4-8984-1BC81AC3D334}.Debug|Any CPU.ActiveCfg = Debug|Any CPU
		{7224163B-2CDE-47E4-8984-1BC81AC3D334}.Debug|Any CPU.Build.0 = Debug|Any CPU
		{7224163B-2CDE-47E4-8984-1BC81AC3D334}.Release|Any CPU.ActiveCfg = Release|Any CPU
		{7224163B-2CDE-47E4-8984-1BC81AC3D334}.Release|Any CPU.Build.0 = Release|Any CPU
	EndGlobalSection
	GlobalSection(SolutionProperties) = preSolution
		HideSolutionNode = FALSE
	EndGlobalSection
	GlobalSection(NestedProjects) = preSolution
		{9A878338-C5B7-406E-AF6F-A7B9A8694EB5} = {26D569B1-12ED-448A-B2AE-A26D55A7F076}
	EndGlobalSection
	GlobalSection(ExtensibilityGlobals) = postSolution
		SolutionGuid = {29C84759-ADB4-4BF4-85D2-F7472D2C538D}
	EndGlobalSection
EndGlobal
